
Microsoft Visual Studio Solution File, Format Version 12.00
# Visual Studio Version 16
VisualStudioVersion = 16.0.28729.10
MinimumVisualStudioVersion = 10.0.40219.1
Project("{FAE04EC0-301F-11D3-BF4B-00C04F79EFBC}") = "MicroServer", "MicroServer\MicroServer.csproj", "{A59B8642-29C3-4993-BBB2-07FA038CF96E}"
EndProject
Project("{2150E333-8FDC-42A3-9474-1A3956D46DE8}") = "BLL", "BLL", "{AB5A64BF-D3F6-4CA5-B8CE-E3EEEAD6640A}"
EndProject
Project("{2150E333-8FDC-42A3-9474-1A3956D46DE8}") = "DAL", "DAL", "{6F1B4D2C-CECE-4F1B-B79E-4F1419FE05B9}"
EndProject
Project("{2150E333-8FDC-42A3-9474-1A3956D46DE8}") = "Caching", "Caching", "{3C61DF91-F18B-4FE9-AF09-4E492B2A289F}"
EndProject
Project("{2150E333-8FDC-42A3-9474-1A3956D46DE8}") = "gRPC", "gRPC", "{7A792C1F-6D6B-4AC9-91FD-C5A17CD9FEF4}"
EndProject
Project("{2150E333-8FDC-42A3-9474-1A3956D46DE8}") = "Model", "Model", "{E7E89EB4-6438-4F0E-B988-A2AE55AF979B}"
EndProject
Project("{FAE04EC0-301F-11D3-BF4B-00C04F79EFBC}") = "MicroClient", "MicroClient\MicroClient.csproj", "{15C476C5-3679-4926-86BB-8302A1633239}"
EndProject
Project("{FAE04EC0-301F-11D3-BF4B-00C04F79EFBC}") = "IService", "BLL\IService\IService.csproj", "{F6AB90E4-021D-4D61-B1B7-0CAD7106772C}"
EndProject
Project("{FAE04EC0-301F-11D3-BF4B-00C04F79EFBC}") = "Service", "BLL\Service\Service.csproj", "{6241D4B4-B122-4629-89FE-6EDD023278C2}"
EndProject
Project("{FAE04EC0-301F-11D3-BF4B-00C04F79EFBC}") = "IRepository", "DAL\IRepository\IRepository.csproj", "{0478B405-DE54-408E-B04B-8FD61491595A}"
EndProject
Project("{FAE04EC0-301F-11D3-BF4B-00C04F79EFBC}") = "Repository", "DAL\Repository\Repository.csproj", "{0E43FC4A-A2BB-4C16-90E0-9ED000C53CCE}"
EndProject
Project("{FAE04EC0-301F-11D3-BF4B-00C04F79EFBC}") = "Interface", "gRPC\Interface\Interface.csproj", "{2F0E42D7-402F-483A-B5DF-A6860585CC76}"
EndProject
Project("{FAE04EC0-301F-11D3-BF4B-00C04F79EFBC}") = "Implement", "gRPC\Implement\Implement.csproj", "{66826A6E-36AE-4E6C-934A-835F7D86A213}"
EndProject
Project("{FAE04EC0-301F-11D3-BF4B-00C04F79EFBC}") = "Models", "Model\Models\Models.csproj", "{858BC196-9023-4632-8188-17B8CBAAE891}"
EndProject
Global
	GlobalSection(SolutionConfigurationPlatforms) = preSolution
		Debug|Any CPU = Debug|Any CPU
		Release|Any CPU = Release|Any CPU
	EndGlobalSection
	GlobalSection(ProjectConfigurationPlatforms) = postSolution
		{A59B8642-29C3-4993-BBB2-07FA038CF96E}.Debug|Any CPU.ActiveCfg = Debug|Any CPU
		{A59B8642-29C3-4993-BBB2-07FA038CF96E}.Debug|Any CPU.Build.0 = Debug|Any CPU
		{A59B8642-29C3-4993-BBB2-07FA038CF96E}.Release|Any CPU.ActiveCfg = Release|Any CPU
		{A59B8642-29C3-4993-BBB2-07FA038CF96E}.Release|Any CPU.Build.0 = Release|Any CPU
		{15C476C5-3679-4926-86BB-8302A1633239}.Debug|Any CPU.ActiveCfg = Debug|Any CPU
		{15C476C5-3679-4926-86BB-8302A1633239}.Debug|Any CPU.Build.0 = Debug|Any CPU
		{15C476C5-3679-4926-86BB-8302A1633239}.Release|Any CPU.ActiveCfg = Release|Any CPU
		{15C476C5-3679-4926-86BB-8302A1633239}.Release|Any CPU.Build.0 = Release|Any CPU
		{F6AB90E4-021D-4D61-B1B7-0CAD7106772C}.Debug|Any CPU.ActiveCfg = Debug|Any CPU
		{F6AB90E4-021D-4D61-B1B7-0CAD7106772C}.Debug|Any CPU.Build.0 = Debug|Any CPU
		{F6AB90E4-021D-4D61-B1B7-0CAD7106772C}.Release|Any CPU.ActiveCfg = Release|Any CPU
		{F6AB90E4-021D-4D61-B1B7-0CAD7106772C}.Release|Any CPU.Build.0 = Release|Any CPU
		{6241D4B4-B122-4629-89FE-6EDD023278C2}.Debug|Any CPU.ActiveCfg = Debug|Any CPU
		{6241D4B4-B122-4629-89FE-6EDD023278C2}.Debug|Any CPU.Build.0 = Debug|Any CPU
		{6241D4B4-B122-4629-89FE-6EDD023278C2}.Release|Any CPU.ActiveCfg = Release|Any CPU
		{6241D4B4-B122-4629-89FE-6EDD023278C2}.Release|Any CPU.Build.0 = Release|Any CPU
		{0478B405-DE54-408E-B04B-8FD61491595A}.Debug|Any CPU.ActiveCfg = Debug|Any CPU
		{0478B405-DE54-408E-B04B-8FD61491595A}.Debug|Any CPU.Build.0 = Debug|Any CPU
		{0478B405-DE54-408E-B04B-8FD61491595A}.Release|Any CPU.ActiveCfg = Release|Any CPU
		{0478B405-DE54-408E-B04B-8FD61491595A}.Release|Any CPU.Build.0 = Release|Any CPU
		{0E43FC4A-A2BB-4C16-90E0-9ED000C53CCE}.Debug|Any CPU.ActiveCfg = Debug|Any CPU
		{0E43FC4A-A2BB-4C16-90E0-9ED000C53CCE}.Debug|Any CPU.Build.0 = Debug|Any CPU
		{0E43FC4A-A2BB-4C16-90E0-9ED000C53CCE}.Release|Any CPU.ActiveCfg = Release|Any CPU
		{0E43FC4A-A2BB-4C16-90E0-9ED000C53CCE}.Release|Any CPU.Build.0 = Release|Any CPU
		{2F0E42D7-402F-483A-B5DF-A6860585CC76}.Debug|Any CPU.ActiveCfg = Debug|Any CPU
		{2F0E42D7-402F-483A-B5DF-A6860585CC76}.Debug|Any CPU.Build.0 = Debug|Any CPU
		{2F0E42D7-402F-483A-B5DF-A6860585CC76}.Release|Any CPU.ActiveCfg = Release|Any CPU
		{2F0E42D7-402F-483A-B5DF-A6860585CC76}.Release|Any CPU.Build.0 = Release|Any CPU
		{66826A6E-36AE-4E6C-934A-835F7D86A213}.Debug|Any CPU.ActiveCfg = Debug|Any CPU
		{66826A6E-36AE-4E6C-934A-835F7D86A213}.Debug|Any CPU.Build.0 = Debug|Any CPU
		{66826A6E-36AE-4E6C-934A-835F7D86A213}.Release|Any CPU.ActiveCfg = Release|Any CPU
		{66826A6E-36AE-4E6C-934A-835F7D86A213}.Release|Any CPU.Build.0 = Release|Any CPU
		{858BC196-9023-4632-8188-17B8CBAAE891}.Debug|Any CPU.ActiveCfg = Debug|Any CPU
		{858BC196-9023-4632-8188-17B8CBAAE891}.Debug|Any CPU.Build.0 = Debug|Any CPU
		{858BC196-9023-4632-8188-17B8CBAAE891}.Release|Any CPU.ActiveCfg = Release|Any CPU
		{858BC196-9023-4632-8188-17B8CBAAE891}.Release|Any CPU.Build.0 = Release|Any CPU
	EndGlobalSection
	GlobalSection(SolutionProperties) = preSolution
		HideSolutionNode = FALSE
	EndGlobalSection
	GlobalSection(NestedProjects) = preSolution
		{F6AB90E4-021D-4D61-B1B7-0CAD7106772C} = {AB5A64BF-D3F6-4CA5-B8CE-E3EEEAD6640A}
		{6241D4B4-B122-4629-89FE-6EDD023278C2} = {AB5A64BF-D3F6-4CA5-B8CE-E3EEEAD6640A}
		{0478B405-DE54-408E-B04B-8FD61491595A} = {6F1B4D2C-CECE-4F1B-B79E-4F1419FE05B9}
		{0E43FC4A-A2BB-4C16-90E0-9ED000C53CCE} = {6F1B4D2C-CECE-4F1B-B79E-4F1419FE05B9}
		{2F0E42D7-402F-483A-B5DF-A6860585CC76} = {7A792C1F-6D6B-4AC9-91FD-C5A17CD9FEF4}
		{66826A6E-36AE-4E6C-934A-835F7D86A213} = {7A792C1F-6D6B-4AC9-91FD-C5A17CD9FEF4}
		{858BC196-9023-4632-8188-17B8CBAAE891} = {E7E89EB4-6438-4F0E-B988-A2AE55AF979B}
	EndGlobalSection
	GlobalSection(ExtensibilityGlobals) = postSolution
		SolutionGuid = {2C5AAB62-EE03-473E-A98D-A96793ECF5B1}
	EndGlobalSection
EndGlobal
